// !$*UTF8*$!
{
	archiveVersion = 1;
	classes = {
	};
	objectVersion = 46;
	objects = {

/* Begin PBXBuildFile section */
		A958D40D1D5BB88100EF283D /* AppDelegate.swift in Sources */ = {isa = PBXBuildFile; fileRef = A958D40C1D5BB88100EF283D /* AppDelegate.swift */; };
		A958D40F1D5BB88100EF283D /* ViewController.swift in Sources */ = {isa = PBXBuildFile; fileRef = A958D40E1D5BB88100EF283D /* ViewController.swift */; };
		A958D4121D5BB88100EF283D /* Main.storyboard in Resources */ = {isa = PBXBuildFile; fileRef = A958D4101D5BB88100EF283D /* Main.storyboard */; };
		A958D4141D5BB88100EF283D /* Assets.xcassets in Resources */ = {isa = PBXBuildFile; fileRef = A958D4131D5BB88100EF283D /* Assets.xcassets */; };
		A958D4171D5BB88100EF283D /* LaunchScreen.storyboard in Resources */ = {isa = PBXBuildFile; fileRef = A958D4151D5BB88100EF283D /* LaunchScreen.storyboard */; };
/* End PBXBuildFile section */

/* Begin PBXFileReference section */
		A958D4091D5BB88100EF283D /* Click Counter.app */ = {isa = PBXFileReference; explicitFileType = wrapper.application; includeInIndex = 0; path = "Click Counter.app"; sourceTree = BUILT_PRODUCTS_DIR; };
		A958D40C1D5BB88100EF283D /* AppDelegate.swift */ = {isa = PBXFileReference; lastKnownFileType = sourcecode.swift; path = AppDelegate.swift; sourceTree = "<group>"; };
		A958D40E1D5BB88100EF283D /* ViewController.swift */ = {isa = PBXFileReference; lastKnownFileType = sourcecode.swift; path = ViewController.swift; sourceTree = "<group>"; };
		A958D4111D5BB88100EF283D /* Base */ = {isa = PBXFileReference; lastKnownFileType = file.storyboard; name = Base; path = Base.lproj/Main.storyboard; sourceTree = "<group>"; };
		A958D4131D5BB88100EF283D /* Assets.xcassets */ = {isa = PBXFileReference; lastKnownFileType = folder.assetcatalog; path = Assets.xcassets; sourceTree = "<group>"; };
		A958D4161D5BB88100EF283D /* Base */ = {isa = PBXFileReference; lastKnownFileType = file.storyboard; name = Base; path = Base.lproj/LaunchScreen.storyboard; sourceTree = "<group>"; };
		A958D4181D5BB88100EF283D /* Info.plist */ = {isa = PBXFileReference; lastKnownFileType = text.plist.xml; path = Info.plist; sourceTree = "<group>"; };
/* End PBXFileReference section */

/* Begin PBXFrameworksBuildPhase section */
		A958D4061D5BB88100EF283D /* Frameworks */ = {
			isa = PBXFrameworksBuildPhase;
			buildActionMask = 2147483647;
			files = (
			);
			runOnlyForDeploymentPostprocessing = 0;
		};
/* End PBXFrameworksBuildPhase section */

/* Begin PBXGroup section */
		A958D4001D5BB88100EF283D = {
			isa = PBXGroup;
			children = (
				A958D40B1D5BB88100EF283D /* Click Counter */,
				A958D40A1D5BB88100EF283D /* Products */,
			);
			sourceTree = "<group>";
		};
		A958D40A1D5BB88100EF283D /* Products */ = {
			isa = PBXGroup;
			children = (
				A958D4091D5BB88100EF283D /* Click Counter.app */,
			);
			name = Products;
			sourceTree = "<group>";
		};
		A958D40B1D5BB88100EF283D /* Click Counter */ = {
			isa = PBXGroup;
			children = (
				A958D40C1D5BB88100EF283D /* AppDelegate.swift */,
				A958D40E1D5BB88100EF283D /* ViewController.swift */,
				A958D4101D5BB88100EF283D /* Main.storyboard */,
				A958D4131D5BB88100EF283D /* Assets.xcassets */,
				A958D4151D5BB88100EF283D /* LaunchScreen.storyboard */,
				A958D4181D5BB88100EF283D /* Info.plist */,
			);
			path = "Click Counter";
			sourceTree = "<group>";
		};
/* End PBXGroup section */

/* Begin PBXNativeTarget section */
		A958D4081D5BB88100EF283D /* Click Counter */ = {
			isa = PBXNativeTarget;
			buildConfigurationList = A958D41B1D5BB88100EF283D /* Build configuration list for PBXNativeTarget "Click Counter" */;
			buildPhases = (
				A958D4051D5BB88100EF283D /* Sources */,
				A958D4061D5BB88100EF283D /* Frameworks */,
				A958D4071D5BB88100EF283D /* Resources */,
			);
			buildRules = (
			);
			dependencies = (
			);
			name = "Click Counter";
			productName = "Click Counter";
			productReference = A958D4091D5BB88100EF283D /* Click Counter.app */;
			productType = "com.apple.product-type.application";
		};
/* End PBXNativeTarget section */

/* Begin PBXProject section */
		A958D4011D5BB88100EF283D /* Project object */ = {
			isa = PBXProject;
			attributes = {
				LastSwiftUpdateCheck = 0730;
				LastUpgradeCheck = 0730;
				ORGANIZATIONNAME = "Nimble Ltd.";
				TargetAttributes = {
					A958D4081D5BB88100EF283D = {
						CreatedOnToolsVersion = 7.3.1;
						DevelopmentTeam = 2MPDK3XW7Q;
					};
				};
			};
			buildConfigurationList = A958D4041D5BB88100EF283D /* Build configuration list for PBXProject "Click Counter" */;
			compatibilityVersion = "Xcode 3.2";
			developmentRegion = English;
			hasScannedForEncodings = 0;
			knownRegions = (
				en,
				Base,
			);
			mainGroup = A958D4001D5BB88100EF283D;
			productRefGroup = A958D40A1D5BB88100EF283D /* Products */;
			projectDirPath = "";
			projectRoot = "";
			targets = (
				A958D4081D5BB88100EF283D /* Click Counter */,
			);
		};
/* End PBXProject section */

/* Begin PBXResourcesBuildPhase section */
		A958D4071D5BB88100EF283D /* Resources */ = {
			isa = PBXResourcesBuildPhase;
			buildActionMask = 2147483647;
			files = (
				A958D4171D5BB88100EF283D /* LaunchScreen.storyboard in Resources */,
				A958D4141D5BB88100EF283D /* Assets.xcassets in Resources */,
				A958D4121D5BB88100EF283D /* Main.storyboard in Resources */,
			);
			runOnlyForDeploymentPostprocessing = 0;
		};
/* End PBXResourcesBuildPhase section */

/* Begin PBXSourcesBuildPhase section */
		A958D4051D5BB88100EF283D /* Sources */ = {
			isa = PBXSourcesBuildPhase;
			buildActionMask = 2147483647;
			files = (
				A958D40F1D5BB88100EF283D /* ViewController.swift in Sources */,
				A958D40D1D5BB88100EF283D /* AppDelegate.swift in Sources */,
			);
			runOnlyForDeploymentPostprocessing = 0;
		};
/* End PBXSourcesBuildPhase section */

/* Begin PBXVariantGroup section */
		A958D4101D5BB88100EF283D /* Main.storyboard */ = {
			isa = PBXVariantGroup;
			children = (
				A958D4111D5BB88100EF283D /* Base */,
			);
			name = Main.storyboard;
			sourceTree = "<group>";
		};
		A958D4151D5BB88100EF283D /* LaunchScreen.storyboard */ = {
			isa = PBXVariantGroup;
			children = (
				A958D4161D5BB88100EF283D /* Base */,
			);
			name = LaunchScreen.storyboard;
			sourceTree = "<group>";
		};
/* End PBXVariantGroup section */

/* Begin XCBuildConfiguration section */
		A958D4191D5BB88100EF283D /* Debug */ = {
			isa = XCBuildConfiguration;
			buildSettings = {
				ALWAYS_SEARCH_USER_PATHS = NO;
				CLANG_ANALYZER_NONNULL = YES;
				CLANG_CXX_LANGUAGE_STANDARD = "gnu++0x";
				CLANG_CXX_LIBRARY = "libc++";
				CLANG_ENABLE_MODULES = YES;
				CLANG_ENABLE_OBJC_ARC = YES;
				CLANG_WARN_BOOL_CONVERSION = YES;
				CLANG_WARN_CONSTANT_CONVERSION = YES;
				CLANG_WARN_DIRECT_OBJC_ISA_USAGE = YES_ERROR;
				CLANG_WARN_EMPTY_BODY = YES;
				CLANG_WARN_ENUM_CONVERSION = YES;
				CLANG_WARN_INT_CONVERSION = YES;
				CLANG_WARN_OBJC_ROOT_CLASS = YES_ERROR;
				CLANG_WARN_UNREACHABLE_CODE = YES;
				CLANG_WARN__DUPLICATE_METHOD_MATCH = YES;
				"CODE_SIGN_IDENTITY[sdk=iphoneos*]" = "iPhone Developer";
				COPY_PHASE_STRIP = NO;
				DEBUG_INFORMATION_FORMAT = dwarf;
				ENABLE_STRICT_OBJC_MSGSEND = YES;
				ENABLE_TESTABILITY = YES;
				GCC_C_LANGUAGE_STANDARD = gnu99;
				GCC_DYNAMIC_NO_PIC = NO;
				GCC_NO_COMMON_BLOCKS = YES;
				GCC_OPTIMIZATION_LEVEL = 0;
				GCC_PREPROCESSOR_DEFINITIONS = (
					"DEBUG=1",
					"$(inherited)",
				);
				GCC_WARN_64_TO_32_BIT_CONVERSION = YES;
				GCC_WARN_ABOUT_RETURN_TYPE = YES_ERROR;
				GCC_WARN_UNDECLARED_SELECTOR = YES;
				GCC_WARN_UNINITIALIZED_AUTOS = YES_AGGRESSIVE;
				GCC_WARN_UNUSED_FUNCTION = YES;
				GCC_WARN_UNUSED_VARIABLE = YES;
				IPHONEOS_DEPLOYMENT_TARGET = 9.3;
				MTL_ENABLE_DEBUG_INFO = YES;
				ONLY_ACTIVE_ARCH = YES;
				SDKROOT = iphoneos;
				SWIFT_OPTIMIZATION_LEVEL = "-Onone";
				TARGETED_DEVICE_FAMILY = "1,2";
			};
			name = Debug;
		};
		A958D41A1D5BB88100EF283D /* Release */ = {
			isa = XCBuildConfiguration;
			buildSettings = {
				ALWAYS_SEARCH_USER_PATHS = NO;
				CLANG_ANALYZER_NONNULL = YES;
				CLANG_CXX_LANGUAGE_STANDARD = "gnu++0x";
				CLANG_CXX_LIBRARY = "libc++";
				CLANG_ENABLE_MODULES = YES;
				CLANG_ENABLE_OBJC_ARC = YES;
				CLANG_WARN_BOOL_CONVERSION = YES;
				CLANG_WARN_CONSTANT_CONVERSION = YES;
				CLANG_WARN_DIRECT_OBJC_ISA_USAGE = YES_ERROR;
				CLANG_WARN_EMPTY_BODY = YES;
				CLANG_WARN_ENUM_CONVERSION = YES;
				CLANG_WARN_INT_CONVERSION = YES;
				CLANG_WARN_OBJC_ROOT_CLASS = YES_ERROR;
				CLANG_WARN_UNREACHABLE_CODE = YES;
				CLANG_WARN__DUPLICATE_METHOD_MATCH = YES;
				"CODE_SIGN_IDENTITY[sdk=iphoneos*]" = "iPhone Developer";
				COPY_PHASE_STRIP = NO;
				DEBUG_INFORMATION_FORMAT = "dwarf-with-dsym";
				ENABLE_NS_ASSERTIONS = NO;
				ENABLE_STRICT_OBJC_MSGSEND = YES;
				GCC_C_LANGUAGE_STANDARD = gnu99;
				GCC_NO_COMMON_BLOCKS = YES;
				GCC_WARN_64_TO_32_BIT_CONVERSION = YES;
				GCC_WARN_ABOUT_RETURN_TYPE = YES_ERROR;
				GCC_WARN_UNDECLARED_SELECTOR = YES;
				GCC_WARN_UNINITIALIZED_AUTOS = YES_AGGRESSIVE;
				GCC_WARN_UNUSED_FUNCTION = YES;
				GCC_WARN_UNUSED_VARIABLE = YES;
				IPHONEOS_DEPLOYMENT_TARGET = 9.3;
				MTL_ENABLE_DEBUG_INFO = NO;
				SDKROOT = iphoneos;
				TARGETED_DEVICE_FAMILY = "1,2";
				VALIDATE_PRODUCT = YES;
			};
			name = Release;
		};
		A958D41C1D5BB88100EF283D /* Debug */ = {
			isa = XCBuildConfiguration;
			buildSettings = {
				ASSETCATALOG_COMPILER_APPICON_NAME = AppIcon;
				INFOPLIST_FILE = "Click Counter/Info.plist";
				LD_RUNPATH_SEARCH_PATHS = "$(inherited) @executable_path/Frameworks";
				PRODUCT_BUNDLE_IDENTIFIER = "com.nimbleltd.Click-Counter";
				PRODUCT_NAME = "$(TARGET_NAME)";
			};
			name = Debug;
		};
		A958D41D1D5BB88100EF283D /* Release */ = {
			isa = XCBuildConfiguration;
			buildSettings = {
				ASSETCATALOG_COMPILER_APPICON_NAME = AppIcon;
				INFOPLIST_FILE = "Click Counter/Info.plist";
				LD_RUNPATH_SEARCH_PATHS = "$(inherited) @executable_path/Frameworks";
				PRODUCT_BUNDLE_IDENTIFIER = "com.nimbleltd.Click-Counter";
				PRODUCT_NAME = "$(TARGET_NAME)";
			};
			name = Release;
		};
/* End XCBuildConfiguration section */

/* Begin XCConfigurationList section */
		A958D4041D5BB88100EF283D /* Build configuration list for PBXProject "Click Counter" */ = {
			isa = XCConfigurationList;
			buildConfigurations = (
				A958D4191D5BB88100EF283D /* Debug */,
				A958D41A1D5BB88100EF283D /* Release */,
			);
			defaultConfigurationIsVisible = 0;
			defaultConfigurationName = Release;
		};
		A958D41B1D5BB88100EF283D /* Build configuration list for PBXNativeTarget "Click Counter" */ = {
			isa = XCConfigurationList;
			buildConfigurations = (
				A958D41C1D5BB88100EF283D /* Debug */,
				A958D41D1D5BB88100EF283D /* Release */,
			);
			defaultConfigurationIsVisible = 0;
		};
/* End XCConfigurationList section */
	};
	rootObject = A958D4011D5BB88100EF283D /* Project object */;
}
